
Microsoft Visual Studio Solution File, Format Version 12.00
# Visual Studio Version 17
VisualStudioVersion = 17.8.34408.163
MinimumVisualStudioVersion = 10.0.40219.1
Project("{FAE04EC0-301F-11D3-BF4B-00C04F79EFBC}") = "BGH-Kompakt", "BGH-Kompakt\BGH-Kompakt.csproj", "{5B8A83A6-7C27-4D8A-8EE7-1AC5ED39C87F}"
EndProject
Global
	GlobalSection(SolutionConfigurationPlatforms) = preSolution
		Debug|Any CPU = Debug|Any CPU
		Release|Any CPU = Release|Any CPU
	EndGlobalSection
	GlobalSection(ProjectConfigurationPlatforms) = postSolution
		{5B8A83A6-7C27-4D8A-8EE7-1AC5ED39C87F}.Debug|Any CPU.ActiveCfg = Debug|Any CPU
		{5B8A83A6-7C27-4D8A-8EE7-1AC5ED39C87F}.Debug|Any CPU.Build.0 = Debug|Any CPU
		{5B8A83A6-7C27-4D8A-8EE7-1AC5ED39C87F}.Release|Any CPU.ActiveCfg = Release|Any CPU
		{5B8A83A6-7C27-4D8A-8EE7-1AC5ED39C87F}.Release|Any CPU.Build.0 = Release|Any CPU
	EndGlobalSection
	GlobalSection(SolutionProperties) = preSolution
		HideSolutionNode = FALSE
	EndGlobalSection
	GlobalSection(ExtensibilityGlobals) = postSolution
		SolutionGuid = {2D251A0A-A39C-4A69-B127-D66551E863A3}
	EndGlobalSection
EndGlobal
